
Microsoft Visual Studio Solution File, Format Version 12.00
Project("{FAE04EC0-301F-11D3-BF4B-00C04F79EFBC}") = "AgentDeploy.ExternalApi", "AgentDeploy.ExternalApi\AgentDeploy.ExternalApi.csproj", "{39F2601E-2C58-4778-9369-B58927688220}"
EndProject
Project("{FAE04EC0-301F-11D3-BF4B-00C04F79EFBC}") = "AgentDeploy.Services", "AgentDeploy.Services\AgentDeploy.Services.csproj", "{CBA158C0-3D6C-4135-9338-D69700F585CE}"
EndProject
Project("{FAE04EC0-301F-11D3-BF4B-00C04F79EFBC}") = "AgentDeploy.Models", "AgentDeploy.Models\AgentDeploy.Models.csproj", "{64E00719-022F-4A3E-A97A-7683173F7672}"
EndProject
Global
	GlobalSection(SolutionConfigurationPlatforms) = preSolution
		Debug|Any CPU = Debug|Any CPU
		Release|Any CPU = Release|Any CPU
	EndGlobalSection
	GlobalSection(ProjectConfigurationPlatforms) = postSolution
		{39F2601E-2C58-4778-9369-B58927688220}.Debug|Any CPU.ActiveCfg = Debug|Any CPU
		{39F2601E-2C58-4778-9369-B58927688220}.Debug|Any CPU.Build.0 = Debug|Any CPU
		{39F2601E-2C58-4778-9369-B58927688220}.Release|Any CPU.ActiveCfg = Release|Any CPU
		{39F2601E-2C58-4778-9369-B58927688220}.Release|Any CPU.Build.0 = Release|Any CPU
		{CBA158C0-3D6C-4135-9338-D69700F585CE}.Debug|Any CPU.ActiveCfg = Debug|Any CPU
		{CBA158C0-3D6C-4135-9338-D69700F585CE}.Debug|Any CPU.Build.0 = Debug|Any CPU
		{CBA158C0-3D6C-4135-9338-D69700F585CE}.Release|Any CPU.ActiveCfg = Release|Any CPU
		{CBA158C0-3D6C-4135-9338-D69700F585CE}.Release|Any CPU.Build.0 = Release|Any CPU
		{64E00719-022F-4A3E-A97A-7683173F7672}.Debug|Any CPU.ActiveCfg = Debug|Any CPU
		{64E00719-022F-4A3E-A97A-7683173F7672}.Debug|Any CPU.Build.0 = Debug|Any CPU
		{64E00719-022F-4A3E-A97A-7683173F7672}.Release|Any CPU.ActiveCfg = Release|Any CPU
		{64E00719-022F-4A3E-A97A-7683173F7672}.Release|Any CPU.Build.0 = Release|Any CPU
	EndGlobalSection
EndGlobal
